
Microsoft Visual Studio Solution File, Format Version 12.00
# Visual Studio Version 16
VisualStudioVersion = 16.0.30104.148
MinimumVisualStudioVersion = 10.0.40219.1
Project("{FAE04EC0-301F-11D3-BF4B-00C04F79EFBC}") = "RandomizerSettingsRandomizer", "RandomizerSettingsRandomizer\RandomizerSettingsRandomizer.csproj", "{0257FCA7-BDE7-4335-BF36-699181ACED63}"
EndProject
Global
	GlobalSection(SolutionConfigurationPlatforms) = preSolution
		Debug|Any CPU = Debug|Any CPU
		Release|Any CPU = Release|Any CPU
	EndGlobalSection
	GlobalSection(ProjectConfigurationPlatforms) = postSolution
		{0257FCA7-BDE7-4335-BF36-699181ACED63}.Debug|Any CPU.ActiveCfg = Debug|Any CPU
		{0257FCA7-BDE7-4335-BF36-699181ACED63}.Debug|Any CPU.Build.0 = Debug|Any CPU
		{0257FCA7-BDE7-4335-BF36-699181ACED63}.Release|Any CPU.ActiveCfg = Release|Any CPU
		{0257FCA7-BDE7-4335-BF36-699181ACED63}.Release|Any CPU.Build.0 = Release|Any CPU
	EndGlobalSection
	GlobalSection(SolutionProperties) = preSolution
		HideSolutionNode = FALSE
	EndGlobalSection
	GlobalSection(ExtensibilityGlobals) = postSolution
		SolutionGuid = {9D0022C6-29C5-4EA3-A798-E89374243631}
	EndGlobalSection
EndGlobal
